// !$*UTF8*$!
{
	archiveVersion = 1;
	classes = {
	};
	objectVersion = 50;
	objects = {

/* Begin PBXBuildFile section */
		7D3036A51F75812200F5A1F0 /* AppDelegate.swift in Sources */ = {isa = PBXBuildFile; fileRef = 7D3036A41F75812200F5A1F0 /* AppDelegate.swift */; };
		7D3036A71F75812200F5A1F0 /* ProductsViewController.swift in Sources */ = {isa = PBXBuildFile; fileRef = 7D3036A61F75812200F5A1F0 /* ProductsViewController.swift */; };
		7D3036AA1F75812200F5A1F0 /* Main.storyboard in Resources */ = {isa = PBXBuildFile; fileRef = 7D3036A81F75812200F5A1F0 /* Main.storyboard */; };
		7D3036AF1F75812200F5A1F0 /* LaunchScreen.storyboard in Resources */ = {isa = PBXBuildFile; fileRef = 7D3036AD1F75812200F5A1F0 /* LaunchScreen.storyboard */; };
		7D6C30242115E29A00690B7B /* Currencies.swift in Sources */ = {isa = PBXBuildFile; fileRef = 7D6C30232115E29A00690B7B /* Currencies.swift */; };
		7D6C302F2115F70200690B7B /* DataRequest.swift in Sources */ = {isa = PBXBuildFile; fileRef = 7D6C302E2115F70200690B7B /* DataRequest.swift */; };
		7D6C30312115FC8500690B7B /* ApiRouter.swift in Sources */ = {isa = PBXBuildFile; fileRef = 7D6C30302115FC8500690B7B /* ApiRouter.swift */; };
		7D90D2581F76BCB20056CA73 /* CheckoutViewController.swift in Sources */ = {isa = PBXBuildFile; fileRef = 7D90D2571F76BCB20056CA73 /* CheckoutViewController.swift */; };
		7D90D25A1F76C2490056CA73 /* LineItemTableViewCell.swift in Sources */ = {isa = PBXBuildFile; fileRef = 7D90D2591F76C2490056CA73 /* LineItemTableViewCell.swift */; };
		7D90D2601F7ABC4C0056CA73 /* ProductTests.swift in Sources */ = {isa = PBXBuildFile; fileRef = 7D90D25F1F7ABC4C0056CA73 /* ProductTests.swift */; };
		7D90D2621F7AC2070056CA73 /* LineItemTests.swift in Sources */ = {isa = PBXBuildFile; fileRef = 7D90D2611F7AC2070056CA73 /* LineItemTests.swift */; };
		7DAAC3A61F7C24D700A04553 /* UtilsTests.swift in Sources */ = {isa = PBXBuildFile; fileRef = 7DAAC3A51F7C24D700A04553 /* UtilsTests.swift */; };
		7DAAC3A81F7C250F00A04553 /* Utils.swift in Sources */ = {isa = PBXBuildFile; fileRef = 7DAAC3A71F7C250F00A04553 /* Utils.swift */; };
		7DAAC3AA1F7C3C7A00A04553 /* ProductUITests.swift in Sources */ = {isa = PBXBuildFile; fileRef = 7DAAC3A91F7C3C7A00A04553 /* ProductUITests.swift */; };
		7DAAC3AC1F7C3CA000A04553 /* CheckoutUITests.swift in Sources */ = {isa = PBXBuildFile; fileRef = 7DAAC3AB1F7C3CA000A04553 /* CheckoutUITests.swift */; };
		7DAAC3B61F7DD82D00A04553 /* Utils.swift in Sources */ = {isa = PBXBuildFile; fileRef = 7DAAC3B51F7DD82D00A04553 /* Utils.swift */; };
		7DC083D11F75A69F008FCD67 /* Assets.xcassets in Resources */ = {isa = PBXBuildFile; fileRef = 7DC083D01F75A69F008FCD67 /* Assets.xcassets */; };
		7DC083D31F75AD07008FCD67 /* Product.swift in Sources */ = {isa = PBXBuildFile; fileRef = 7DC083D21F75AD07008FCD67 /* Product.swift */; };
		7DC083E11F75B71B008FCD67 /* LineItem.swift in Sources */ = {isa = PBXBuildFile; fileRef = 7DC083E01F75B71B008FCD67 /* LineItem.swift */; };
		7DC083E31F75BA6D008FCD67 /* ProductTableViewCell.swift in Sources */ = {isa = PBXBuildFile; fileRef = 7DC083E21F75BA6D008FCD67 /* ProductTableViewCell.swift */; };
		7DC083E51F75BCEE008FCD67 /* Utils.swift in Sources */ = {isa = PBXBuildFile; fileRef = 7DC083E41F75BCEE008FCD67 /* Utils.swift */; };
		9FEEED538D1AD600E20C5736 /* Pods_ShopBag.framework in Frameworks */ = {isa = PBXBuildFile; fileRef = 656FAE3733A7633BA4DEA861 /* Pods_ShopBag.framework */; };
		A40571DF87AD9AE4A118F4AC /* Pods_ShopBagTests.framework in Frameworks */ = {isa = PBXBuildFile; fileRef = 2ED8F4E7E4992C70692E527D /* Pods_ShopBagTests.framework */; };
		A61810C522B6FF1F69CD5D83 /* Pods_ShopBagUITests.framework in Frameworks */ = {isa = PBXBuildFile; fileRef = FAA3B899187F3B2747E550F7 /* Pods_ShopBagUITests.framework */; };
/* End PBXBuildFile section */

/* Begin PBXContainerItemProxy section */
		7D3036B61F75812300F5A1F0 /* PBXContainerItemProxy */ = {
			isa = PBXContainerItemProxy;
			containerPortal = 7D3036991F75812200F5A1F0 /* Project object */;
			proxyType = 1;
			remoteGlobalIDString = 7D3036A01F75812200F5A1F0;
			remoteInfo = ShopBag;
		};
		7D3036C11F75812300F5A1F0 /* PBXContainerItemProxy */ = {
			isa = PBXContainerItemProxy;
			containerPortal = 7D3036991F75812200F5A1F0 /* Project object */;
			proxyType = 1;
			remoteGlobalIDString = 7D3036A01F75812200F5A1F0;
			remoteInfo = ShopBag;
		};
/* End PBXContainerItemProxy section */

/* Begin PBXFileReference section */
		02CEFDEDCC22CB0167114DF1 /* Pods-ShopBagUITests.release.xcconfig */ = {isa = PBXFileReference; includeInIndex = 1; lastKnownFileType = text.xcconfig; name = "Pods-ShopBagUITests.release.xcconfig"; path = "Pods/Target Support Files/Pods-ShopBagUITests/Pods-ShopBagUITests.release.xcconfig"; sourceTree = "<group>"; };
		2DEB04A9F977B726D077E76E /* Pods-ShopBagTests.debug.xcconfig */ = {isa = PBXFileReference; includeInIndex = 1; lastKnownFileType = text.xcconfig; name = "Pods-ShopBagTests.debug.xcconfig"; path = "Pods/Target Support Files/Pods-ShopBagTests/Pods-ShopBagTests.debug.xcconfig"; sourceTree = "<group>"; };
		2ED8F4E7E4992C70692E527D /* Pods_ShopBagTests.framework */ = {isa = PBXFileReference; explicitFileType = wrapper.framework; includeInIndex = 0; path = Pods_ShopBagTests.framework; sourceTree = BUILT_PRODUCTS_DIR; };
		656FAE3733A7633BA4DEA861 /* Pods_ShopBag.framework */ = {isa = PBXFileReference; explicitFileType = wrapper.framework; includeInIndex = 0; path = Pods_ShopBag.framework; sourceTree = BUILT_PRODUCTS_DIR; };
		7D3036A11F75812200F5A1F0 /* ShopBag.app */ = {isa = PBXFileReference; explicitFileType = wrapper.application; includeInIndex = 0; path = ShopBag.app; sourceTree = BUILT_PRODUCTS_DIR; };
		7D3036A41F75812200F5A1F0 /* AppDelegate.swift */ = {isa = PBXFileReference; lastKnownFileType = sourcecode.swift; path = AppDelegate.swift; sourceTree = "<group>"; };
		7D3036A61F75812200F5A1F0 /* ProductsViewController.swift */ = {isa = PBXFileReference; lastKnownFileType = sourcecode.swift; path = ProductsViewController.swift; sourceTree = "<group>"; };
		7D3036A91F75812200F5A1F0 /* Base */ = {isa = PBXFileReference; lastKnownFileType = file.storyboard; name = Base; path = Base.lproj/Main.storyboard; sourceTree = "<group>"; };
		7D3036AE1F75812200F5A1F0 /* Base */ = {isa = PBXFileReference; lastKnownFileType = file.storyboard; name = Base; path = Base.lproj/LaunchScreen.storyboard; sourceTree = "<group>"; };
		7D3036B01F75812300F5A1F0 /* Info.plist */ = {isa = PBXFileReference; lastKnownFileType = text.plist.xml; path = Info.plist; sourceTree = "<group>"; };
		7D3036B51F75812300F5A1F0 /* ShopBagTests.xctest */ = {isa = PBXFileReference; explicitFileType = wrapper.cfbundle; includeInIndex = 0; path = ShopBagTests.xctest; sourceTree = BUILT_PRODUCTS_DIR; };
		7D3036BB1F75812300F5A1F0 /* Info.plist */ = {isa = PBXFileReference; lastKnownFileType = text.plist.xml; path = Info.plist; sourceTree = "<group>"; };
		7D3036C01F75812300F5A1F0 /* ShopBagUITests.xctest */ = {isa = PBXFileReference; explicitFileType = wrapper.cfbundle; includeInIndex = 0; path = ShopBagUITests.xctest; sourceTree = BUILT_PRODUCTS_DIR; };
		7D3036C61F75812300F5A1F0 /* Info.plist */ = {isa = PBXFileReference; lastKnownFileType = text.plist.xml; path = Info.plist; sourceTree = "<group>"; };
		7D6C30232115E29A00690B7B /* Currencies.swift */ = {isa = PBXFileReference; lastKnownFileType = sourcecode.swift; path = Currencies.swift; sourceTree = "<group>"; };
		7D6C302E2115F70200690B7B /* DataRequest.swift */ = {isa = PBXFileReference; lastKnownFileType = sourcecode.swift; path = DataRequest.swift; sourceTree = "<group>"; };
		7D6C30302115FC8500690B7B /* ApiRouter.swift */ = {isa = PBXFileReference; lastKnownFileType = sourcecode.swift; path = ApiRouter.swift; sourceTree = "<group>"; };
		7D90D2561F7653720056CA73 /* ShopBag-Bridging-Header.h */ = {isa = PBXFileReference; fileEncoding = 4; lastKnownFileType = sourcecode.c.h; path = "ShopBag-Bridging-Header.h"; sourceTree = "<group>"; };
		7D90D2571F76BCB20056CA73 /* CheckoutViewController.swift */ = {isa = PBXFileReference; fileEncoding = 4; lastKnownFileType = sourcecode.swift; path = CheckoutViewController.swift; sourceTree = "<group>"; };
		7D90D2591F76C2490056CA73 /* LineItemTableViewCell.swift */ = {isa = PBXFileReference; fileEncoding = 4; lastKnownFileType = sourcecode.swift; path = LineItemTableViewCell.swift; sourceTree = "<group>"; };
		7D90D25F1F7ABC4C0056CA73 /* ProductTests.swift */ = {isa = PBXFileReference; fileEncoding = 4; lastKnownFileType = sourcecode.swift; path = ProductTests.swift; sourceTree = "<group>"; };
		7D90D2611F7AC2070056CA73 /* LineItemTests.swift */ = {isa = PBXFileReference; fileEncoding = 4; lastKnownFileType = sourcecode.swift; path = LineItemTests.swift; sourceTree = "<group>"; };
		7DAAC3A51F7C24D700A04553 /* UtilsTests.swift */ = {isa = PBXFileReference; fileEncoding = 4; lastKnownFileType = sourcecode.swift; path = UtilsTests.swift; sourceTree = "<group>"; };
		7DAAC3A71F7C250F00A04553 /* Utils.swift */ = {isa = PBXFileReference; fileEncoding = 4; lastKnownFileType = sourcecode.swift; path = Utils.swift; sourceTree = "<group>"; };
		7DAAC3A91F7C3C7A00A04553 /* ProductUITests.swift */ = {isa = PBXFileReference; fileEncoding = 4; lastKnownFileType = sourcecode.swift; path = ProductUITests.swift; sourceTree = "<group>"; };
		7DAAC3AB1F7C3CA000A04553 /* CheckoutUITests.swift */ = {isa = PBXFileReference; fileEncoding = 4; lastKnownFileType = sourcecode.swift; path = CheckoutUITests.swift; sourceTree = "<group>"; };
		7DAAC3B51F7DD82D00A04553 /* Utils.swift */ = {isa = PBXFileReference; fileEncoding = 4; lastKnownFileType = sourcecode.swift; path = Utils.swift; sourceTree = "<group>"; };
		7DC083D01F75A69F008FCD67 /* Assets.xcassets */ = {isa = PBXFileReference; lastKnownFileType = folder.assetcatalog; path = Assets.xcassets; sourceTree = "<group>"; };
		7DC083D21F75AD07008FCD67 /* Product.swift */ = {isa = PBXFileReference; fileEncoding = 4; lastKnownFileType = sourcecode.swift; path = Product.swift; sourceTree = "<group>"; };
		7DC083E01F75B71B008FCD67 /* LineItem.swift */ = {isa = PBXFileReference; fileEncoding = 4; lastKnownFileType = sourcecode.swift; path = LineItem.swift; sourceTree = "<group>"; };
		7DC083E21F75BA6D008FCD67 /* ProductTableViewCell.swift */ = {isa = PBXFileReference; fileEncoding = 4; lastKnownFileType = sourcecode.swift; path = ProductTableViewCell.swift; sourceTree = "<group>"; };
		7DC083E41F75BCEE008FCD67 /* Utils.swift */ = {isa = PBXFileReference; fileEncoding = 4; lastKnownFileType = sourcecode.swift; path = Utils.swift; sourceTree = "<group>"; };
		8D2932C96C032E4D5ACF3080 /* Pods-ShopBag.release.xcconfig */ = {isa = PBXFileReference; includeInIndex = 1; lastKnownFileType = text.xcconfig; name = "Pods-ShopBag.release.xcconfig"; path = "Pods/Target Support Files/Pods-ShopBag/Pods-ShopBag.release.xcconfig"; sourceTree = "<group>"; };
		9C1ED7446044670C99FFC1C3 /* Pods-ShopBagUITests.debug.xcconfig */ = {isa = PBXFileReference; includeInIndex = 1; lastKnownFileType = text.xcconfig; name = "Pods-ShopBagUITests.debug.xcconfig"; path = "Pods/Target Support Files/Pods-ShopBagUITests/Pods-ShopBagUITests.debug.xcconfig"; sourceTree = "<group>"; };
		B40A4951B2721227CA124C45 /* Pods-ShopBag.debug.xcconfig */ = {isa = PBXFileReference; includeInIndex = 1; lastKnownFileType = text.xcconfig; name = "Pods-ShopBag.debug.xcconfig"; path = "Pods/Target Support Files/Pods-ShopBag/Pods-ShopBag.debug.xcconfig"; sourceTree = "<group>"; };
		E2C23B53A65B2AA64A4D5C7B /* Pods-ShopBagTests.release.xcconfig */ = {isa = PBXFileReference; includeInIndex = 1; lastKnownFileType = text.xcconfig; name = "Pods-ShopBagTests.release.xcconfig"; path = "Pods/Target Support Files/Pods-ShopBagTests/Pods-ShopBagTests.release.xcconfig"; sourceTree = "<group>"; };
		FAA3B899187F3B2747E550F7 /* Pods_ShopBagUITests.framework */ = {isa = PBXFileReference; explicitFileType = wrapper.framework; includeInIndex = 0; path = Pods_ShopBagUITests.framework; sourceTree = BUILT_PRODUCTS_DIR; };
/* End PBXFileReference section */

/* Begin PBXFrameworksBuildPhase section */
		7D30369E1F75812200F5A1F0 /* Frameworks */ = {
			isa = PBXFrameworksBuildPhase;
			buildActionMask = 2147483647;
			files = (
				9FEEED538D1AD600E20C5736 /* Pods_ShopBag.framework in Frameworks */,
			);
			runOnlyForDeploymentPostprocessing = 0;
		};
		7D3036B21F75812300F5A1F0 /* Frameworks */ = {
			isa = PBXFrameworksBuildPhase;
			buildActionMask = 2147483647;
			files = (
				A40571DF87AD9AE4A118F4AC /* Pods_ShopBagTests.framework in Frameworks */,
			);
			runOnlyForDeploymentPostprocessing = 0;
		};
		7D3036BD1F75812300F5A1F0 /* Frameworks */ = {
			isa = PBXFrameworksBuildPhase;
			buildActionMask = 2147483647;
			files = (
				A61810C522B6FF1F69CD5D83 /* Pods_ShopBagUITests.framework in Frameworks */,
			);
			runOnlyForDeploymentPostprocessing = 0;
		};
/* End PBXFrameworksBuildPhase section */

/* Begin PBXGroup section */
		0482A626A0B211A7B2568ED5 /* Frameworks */ = {
			isa = PBXGroup;
			children = (
				656FAE3733A7633BA4DEA861 /* Pods_ShopBag.framework */,
				2ED8F4E7E4992C70692E527D /* Pods_ShopBagTests.framework */,
				FAA3B899187F3B2747E550F7 /* Pods_ShopBagUITests.framework */,
			);
			name = Frameworks;
			sourceTree = "<group>";
		};
		7D3036981F75812200F5A1F0 = {
			isa = PBXGroup;
			children = (
				7D3036A31F75812200F5A1F0 /* ShopBag */,
				7D3036B81F75812300F5A1F0 /* ShopBagTests */,
				7D3036C31F75812300F5A1F0 /* ShopBagUITests */,
				0482A626A0B211A7B2568ED5 /* Frameworks */,
				D3F8287C8C90E2AF85DF82BA /* Pods */,
				7D3036A21F75812200F5A1F0 /* Products */,
			);
			indentWidth = 2;
			sourceTree = "<group>";
			tabWidth = 2;
		};
		7D3036A21F75812200F5A1F0 /* Products */ = {
			isa = PBXGroup;
			children = (
				7D3036A11F75812200F5A1F0 /* ShopBag.app */,
				7D3036B51F75812300F5A1F0 /* ShopBagTests.xctest */,
				7D3036C01F75812300F5A1F0 /* ShopBagUITests.xctest */,
			);
			name = Products;
			sourceTree = "<group>";
		};
		7D3036A31F75812200F5A1F0 /* ShopBag */ = {
			isa = PBXGroup;
			children = (
				7DC083D41F75ADEB008FCD67 /* ProductsList */,
				7DC083D91F75AE71008FCD67 /* Checkout */,
				7D6C30222115E20C00690B7B /* Network */,
				7D3036A41F75812200F5A1F0 /* AppDelegate.swift */,
				7DC083E41F75BCEE008FCD67 /* Utils.swift */,
				7D3036A81F75812200F5A1F0 /* Main.storyboard */,
				7D3036AD1F75812200F5A1F0 /* LaunchScreen.storyboard */,
				7D3036B01F75812300F5A1F0 /* Info.plist */,
				7D90D2561F7653720056CA73 /* ShopBag-Bridging-Header.h */,
				7DC083D01F75A69F008FCD67 /* Assets.xcassets */,
			);
			path = ShopBag;
			sourceTree = "<group>";
		};
		7D3036B81F75812300F5A1F0 /* ShopBagTests */ = {
			isa = PBXGroup;
			children = (
				7D90D2611F7AC2070056CA73 /* LineItemTests.swift */,
				7D90D25F1F7ABC4C0056CA73 /* ProductTests.swift */,
				7DAAC3A51F7C24D700A04553 /* UtilsTests.swift */,
				7DAAC3A71F7C250F00A04553 /* Utils.swift */,
				7D3036BB1F75812300F5A1F0 /* Info.plist */,
			);
			path = ShopBagTests;
			sourceTree = "<group>";
		};
		7D3036C31F75812300F5A1F0 /* ShopBagUITests */ = {
			isa = PBXGroup;
			children = (
				7DAAC3AB1F7C3CA000A04553 /* CheckoutUITests.swift */,
				7DAAC3A91F7C3C7A00A04553 /* ProductUITests.swift */,
				7DAAC3B51F7DD82D00A04553 /* Utils.swift */,
				7D3036C61F75812300F5A1F0 /* Info.plist */,
			);
			path = ShopBagUITests;
			sourceTree = "<group>";
		};
		7D6C30222115E20C00690B7B /* Network */ = {
			isa = PBXGroup;
			children = (
				7D6C30302115FC8500690B7B /* ApiRouter.swift */,
				7D6C302E2115F70200690B7B /* DataRequest.swift */,
				7D6C30292115E8F700690B7B /* Response */,
			);
			path = Network;
			sourceTree = "<group>";
		};
		7D6C30292115E8F700690B7B /* Response */ = {
			isa = PBXGroup;
			children = (
				7D6C30232115E29A00690B7B /* Currencies.swift */,
			);
			path = Response;
			sourceTree = "<group>";
		};
		7DC083D41F75ADEB008FCD67 /* ProductsList */ = {
			isa = PBXGroup;
			children = (
				7DC083D21F75AD07008FCD67 /* Product.swift */,
				7DC083E21F75BA6D008FCD67 /* ProductTableViewCell.swift */,
				7D3036A61F75812200F5A1F0 /* ProductsViewController.swift */,
			);
			path = ProductsList;
			sourceTree = "<group>";
		};
		7DC083D91F75AE71008FCD67 /* Checkout */ = {
			isa = PBXGroup;
			children = (
				7D90D2571F76BCB20056CA73 /* CheckoutViewController.swift */,
				7DC083E01F75B71B008FCD67 /* LineItem.swift */,
				7D90D2591F76C2490056CA73 /* LineItemTableViewCell.swift */,
			);
			path = Checkout;
			sourceTree = "<group>";
		};
		D3F8287C8C90E2AF85DF82BA /* Pods */ = {
			isa = PBXGroup;
			children = (
				B40A4951B2721227CA124C45 /* Pods-ShopBag.debug.xcconfig */,
				8D2932C96C032E4D5ACF3080 /* Pods-ShopBag.release.xcconfig */,
				2DEB04A9F977B726D077E76E /* Pods-ShopBagTests.debug.xcconfig */,
				E2C23B53A65B2AA64A4D5C7B /* Pods-ShopBagTests.release.xcconfig */,
				9C1ED7446044670C99FFC1C3 /* Pods-ShopBagUITests.debug.xcconfig */,
				02CEFDEDCC22CB0167114DF1 /* Pods-ShopBagUITests.release.xcconfig */,
			);
			name = Pods;
			sourceTree = "<group>";
		};
/* End PBXGroup section */

/* Begin PBXNativeTarget section */
		7D3036A01F75812200F5A1F0 /* ShopBag */ = {
			isa = PBXNativeTarget;
			buildConfigurationList = 7D3036C91F75812300F5A1F0 /* Build configuration list for PBXNativeTarget "ShopBag" */;
			buildPhases = (
				9714B2F5A32CBC178C96FE80 /* [CP] Check Pods Manifest.lock */,
				7D30369D1F75812200F5A1F0 /* Sources */,
				7D30369E1F75812200F5A1F0 /* Frameworks */,
				7D30369F1F75812200F5A1F0 /* Resources */,
				2F1EED7C09085806D19F86CC /* [CP] Embed Pods Frameworks */,
				94399A87FA99DBDE48B13C63 /* [CP] Copy Pods Resources */,
			);
			buildRules = (
			);
			dependencies = (
			);
			name = ShopBag;
			productName = ShopBag;
			productReference = 7D3036A11F75812200F5A1F0 /* ShopBag.app */;
			productType = "com.apple.product-type.application";
		};
		7D3036B41F75812300F5A1F0 /* ShopBagTests */ = {
			isa = PBXNativeTarget;
			buildConfigurationList = 7D3036CC1F75812300F5A1F0 /* Build configuration list for PBXNativeTarget "ShopBagTests" */;
			buildPhases = (
				4117BF6B5D1F433B9CF19EDC /* [CP] Check Pods Manifest.lock */,
				7D3036B11F75812300F5A1F0 /* Sources */,
				7D3036B21F75812300F5A1F0 /* Frameworks */,
				7D3036B31F75812300F5A1F0 /* Resources */,
				72161A0A2E58B9332FFBFB84 /* [CP] Embed Pods Frameworks */,
				99992740B568EC48463E2F6D /* [CP] Copy Pods Resources */,
			);
			buildRules = (
			);
			dependencies = (
				7D3036B71F75812300F5A1F0 /* PBXTargetDependency */,
			);
			name = ShopBagTests;
			productName = ShopBagTests;
			productReference = 7D3036B51F75812300F5A1F0 /* ShopBagTests.xctest */;
			productType = "com.apple.product-type.bundle.unit-test";
		};
		7D3036BF1F75812300F5A1F0 /* ShopBagUITests */ = {
			isa = PBXNativeTarget;
			buildConfigurationList = 7D3036CF1F75812300F5A1F0 /* Build configuration list for PBXNativeTarget "ShopBagUITests" */;
			buildPhases = (
				BD7FFB94F9BE95C2926659D4 /* [CP] Check Pods Manifest.lock */,
				7D3036BC1F75812300F5A1F0 /* Sources */,
				7D3036BD1F75812300F5A1F0 /* Frameworks */,
				7D3036BE1F75812300F5A1F0 /* Resources */,
				1F3069747A5846A07557B73D /* [CP] Embed Pods Frameworks */,
				26E1FFBD8CDB01A462D71138 /* [CP] Copy Pods Resources */,
			);
			buildRules = (
			);
			dependencies = (
				7D3036C21F75812300F5A1F0 /* PBXTargetDependency */,
			);
			name = ShopBagUITests;
			productName = ShopBagUITests;
			productReference = 7D3036C01F75812300F5A1F0 /* ShopBagUITests.xctest */;
			productType = "com.apple.product-type.bundle.ui-testing";
		};
/* End PBXNativeTarget section */

/* Begin PBXProject section */
		7D3036991F75812200F5A1F0 /* Project object */ = {
			isa = PBXProject;
			attributes = {
				LastSwiftUpdateCheck = 0820;
				LastUpgradeCheck = 0930;
				ORGANIZATIONNAME = altamic;
				TargetAttributes = {
					7D3036A01F75812200F5A1F0 = {
						CreatedOnToolsVersion = 8.2.1;
						LastSwiftMigration = 0910;
						ProvisioningStyle = Automatic;
					};
					7D3036B41F75812300F5A1F0 = {
						CreatedOnToolsVersion = 8.2.1;
						LastSwiftMigration = 0910;
						ProvisioningStyle = Automatic;
						TestTargetID = 7D3036A01F75812200F5A1F0;
					};
					7D3036BF1F75812300F5A1F0 = {
						CreatedOnToolsVersion = 8.2.1;
						LastSwiftMigration = 0910;
						ProvisioningStyle = Automatic;
						TestTargetID = 7D3036A01F75812200F5A1F0;
					};
				};
			};
			buildConfigurationList = 7D30369C1F75812200F5A1F0 /* Build configuration list for PBXProject "ShopBag" */;
			compatibilityVersion = "Xcode 9.3";
			developmentRegion = English;
			hasScannedForEncodings = 0;
			knownRegions = (
				en,
				Base,
			);
			mainGroup = 7D3036981F75812200F5A1F0;
			productRefGroup = 7D3036A21F75812200F5A1F0 /* Products */;
			projectDirPath = "";
			projectRoot = "";
			targets = (
				7D3036A01F75812200F5A1F0 /* ShopBag */,
				7D3036B41F75812300F5A1F0 /* ShopBagTests */,
				7D3036BF1F75812300F5A1F0 /* ShopBagUITests */,
			);
		};
/* End PBXProject section */

/* Begin PBXResourcesBuildPhase section */
		7D30369F1F75812200F5A1F0 /* Resources */ = {
			isa = PBXResourcesBuildPhase;
			buildActionMask = 2147483647;
			files = (
				7D3036AF1F75812200F5A1F0 /* LaunchScreen.storyboard in Resources */,
				7DC083D11F75A69F008FCD67 /* Assets.xcassets in Resources */,
				7D3036AA1F75812200F5A1F0 /* Main.storyboard in Resources */,
			);
			runOnlyForDeploymentPostprocessing = 0;
		};
		7D3036B31F75812300F5A1F0 /* Resources */ = {
			isa = PBXResourcesBuildPhase;
			buildActionMask = 2147483647;
			files = (
			);
			runOnlyForDeploymentPostprocessing = 0;
		};
		7D3036BE1F75812300F5A1F0 /* Resources */ = {
			isa = PBXResourcesBuildPhase;
			buildActionMask = 2147483647;
			files = (
			);
			runOnlyForDeploymentPostprocessing = 0;
		};
/* End PBXResourcesBuildPhase section */

/* Begin PBXShellScriptBuildPhase section */
		1F3069747A5846A07557B73D /* [CP] Embed Pods Frameworks */ = {
			isa = PBXShellScriptBuildPhase;
			buildActionMask = 2147483647;
			files = (
			);
			inputPaths = (
			);
			name = "[CP] Embed Pods Frameworks";
			outputPaths = (
			);
			runOnlyForDeploymentPostprocessing = 0;
			shellPath = /bin/sh;
			shellScript = "\"${SRCROOT}/Pods/Target Support Files/Pods-ShopBagUITests/Pods-ShopBagUITests-frameworks.sh\"\n";
			showEnvVarsInLog = 0;
		};
		26E1FFBD8CDB01A462D71138 /* [CP] Copy Pods Resources */ = {
			isa = PBXShellScriptBuildPhase;
			buildActionMask = 2147483647;
			files = (
			);
			inputPaths = (
			);
			name = "[CP] Copy Pods Resources";
			outputPaths = (
			);
			runOnlyForDeploymentPostprocessing = 0;
			shellPath = /bin/sh;
			shellScript = "\"${SRCROOT}/Pods/Target Support Files/Pods-ShopBagUITests/Pods-ShopBagUITests-resources.sh\"\n";
			showEnvVarsInLog = 0;
		};
		2F1EED7C09085806D19F86CC /* [CP] Embed Pods Frameworks */ = {
			isa = PBXShellScriptBuildPhase;
			buildActionMask = 2147483647;
			files = (
			);
			inputPaths = (
				"${SRCROOT}/Pods/Target Support Files/Pods-ShopBag/Pods-ShopBag-frameworks.sh",
				"${BUILT_PRODUCTS_DIR}/BBBadgeBarButtonItem/BBBadgeBarButtonItem.framework",
			);
			name = "[CP] Embed Pods Frameworks";
			outputPaths = (
				"${TARGET_BUILD_DIR}/${FRAMEWORKS_FOLDER_PATH}/BBBadgeBarButtonItem.framework",
			);
			runOnlyForDeploymentPostprocessing = 0;
			shellPath = /bin/sh;
			shellScript = "\"${SRCROOT}/Pods/Target Support Files/Pods-ShopBag/Pods-ShopBag-frameworks.sh\"\n";
			showEnvVarsInLog = 0;
		};
		4117BF6B5D1F433B9CF19EDC /* [CP] Check Pods Manifest.lock */ = {
			isa = PBXShellScriptBuildPhase;
			buildActionMask = 2147483647;
			files = (
			);
			inputPaths = (
				"${PODS_PODFILE_DIR_PATH}/Podfile.lock",
				"${PODS_ROOT}/Manifest.lock",
			);
			name = "[CP] Check Pods Manifest.lock";
			outputPaths = (
				"$(DERIVED_FILE_DIR)/Pods-ShopBagTests-checkManifestLockResult.txt",
			);
			runOnlyForDeploymentPostprocessing = 0;
			shellPath = /bin/sh;
			shellScript = "diff \"${PODS_PODFILE_DIR_PATH}/Podfile.lock\" \"${PODS_ROOT}/Manifest.lock\" > /dev/null\nif [ $? != 0 ] ; then\n    # print error to STDERR\n    echo \"error: The sandbox is not in sync with the Podfile.lock. Run 'pod install' or update your CocoaPods installation.\" >&2\n    exit 1\nfi\n# This output is used by Xcode 'outputs' to avoid re-running this script phase.\necho \"SUCCESS\" > \"${SCRIPT_OUTPUT_FILE_0}\"\n";
			showEnvVarsInLog = 0;
		};
		72161A0A2E58B9332FFBFB84 /* [CP] Embed Pods Frameworks */ = {
			isa = PBXShellScriptBuildPhase;
			buildActionMask = 2147483647;
			files = (
			);
			inputPaths = (
			);
			name = "[CP] Embed Pods Frameworks";
			outputPaths = (
			);
			runOnlyForDeploymentPostprocessing = 0;
			shellPath = /bin/sh;
			shellScript = "\"${SRCROOT}/Pods/Target Support Files/Pods-ShopBagTests/Pods-ShopBagTests-frameworks.sh\"\n";
			showEnvVarsInLog = 0;
		};
		94399A87FA99DBDE48B13C63 /* [CP] Copy Pods Resources */ = {
			isa = PBXShellScriptBuildPhase;
			buildActionMask = 2147483647;
			files = (
			);
			inputPaths = (
			);
			name = "[CP] Copy Pods Resources";
			outputPaths = (
			);
			runOnlyForDeploymentPostprocessing = 0;
			shellPath = /bin/sh;
			shellScript = "\"${SRCROOT}/Pods/Target Support Files/Pods-ShopBag/Pods-ShopBag-resources.sh\"\n";
			showEnvVarsInLog = 0;
		};
		9714B2F5A32CBC178C96FE80 /* [CP] Check Pods Manifest.lock */ = {
			isa = PBXShellScriptBuildPhase;
			buildActionMask = 2147483647;
			files = (
			);
			inputPaths = (
				"${PODS_PODFILE_DIR_PATH}/Podfile.lock",
				"${PODS_ROOT}/Manifest.lock",
			);
			name = "[CP] Check Pods Manifest.lock";
			outputPaths = (
				"$(DERIVED_FILE_DIR)/Pods-ShopBag-checkManifestLockResult.txt",
			);
			runOnlyForDeploymentPostprocessing = 0;
			shellPath = /bin/sh;
			shellScript = "diff \"${PODS_PODFILE_DIR_PATH}/Podfile.lock\" \"${PODS_ROOT}/Manifest.lock\" > /dev/null\nif [ $? != 0 ] ; then\n    # print error to STDERR\n    echo \"error: The sandbox is not in sync with the Podfile.lock. Run 'pod install' or update your CocoaPods installation.\" >&2\n    exit 1\nfi\n# This output is used by Xcode 'outputs' to avoid re-running this script phase.\necho \"SUCCESS\" > \"${SCRIPT_OUTPUT_FILE_0}\"\n";
			showEnvVarsInLog = 0;
		};
		99992740B568EC48463E2F6D /* [CP] Copy Pods Resources */ = {
			isa = PBXShellScriptBuildPhase;
			buildActionMask = 2147483647;
			files = (
			);
			inputPaths = (
			);
			name = "[CP] Copy Pods Resources";
			outputPaths = (
			);
			runOnlyForDeploymentPostprocessing = 0;
			shellPath = /bin/sh;
			shellScript = "\"${SRCROOT}/Pods/Target Support Files/Pods-ShopBagTests/Pods-ShopBagTests-resources.sh\"\n";
			showEnvVarsInLog = 0;
		};
		BD7FFB94F9BE95C2926659D4 /* [CP] Check Pods Manifest.lock */ = {
			isa = PBXShellScriptBuildPhase;
			buildActionMask = 2147483647;
			files = (
			);
			inputPaths = (
				"${PODS_PODFILE_DIR_PATH}/Podfile.lock",
				"${PODS_ROOT}/Manifest.lock",
			);
			name = "[CP] Check Pods Manifest.lock";
			outputPaths = (
				"$(DERIVED_FILE_DIR)/Pods-ShopBagUITests-checkManifestLockResult.txt",
			);
			runOnlyForDeploymentPostprocessing = 0;
			shellPath = /bin/sh;
			shellScript = "diff \"${PODS_PODFILE_DIR_PATH}/Podfile.lock\" \"${PODS_ROOT}/Manifest.lock\" > /dev/null\nif [ $? != 0 ] ; then\n    # print error to STDERR\n    echo \"error: The sandbox is not in sync with the Podfile.lock. Run 'pod install' or update your CocoaPods installation.\" >&2\n    exit 1\nfi\n# This output is used by Xcode 'outputs' to avoid re-running this script phase.\necho \"SUCCESS\" > \"${SCRIPT_OUTPUT_FILE_0}\"\n";
			showEnvVarsInLog = 0;
		};
/* End PBXShellScriptBuildPhase section */

/* Begin PBXSourcesBuildPhase section */
		7D30369D1F75812200F5A1F0 /* Sources */ = {
			isa = PBXSourcesBuildPhase;
			buildActionMask = 2147483647;
			files = (
				7D6C30242115E29A00690B7B /* Currencies.swift in Sources */,
				7D6C302F2115F70200690B7B /* DataRequest.swift in Sources */,
				7D6C30312115FC8500690B7B /* ApiRouter.swift in Sources */,
				7D90D25A1F76C2490056CA73 /* LineItemTableViewCell.swift in Sources */,
				7DC083E11F75B71B008FCD67 /* LineItem.swift in Sources */,
				7D3036A71F75812200F5A1F0 /* ProductsViewController.swift in Sources */,
				7DC083E31F75BA6D008FCD67 /* ProductTableViewCell.swift in Sources */,
				7D3036A51F75812200F5A1F0 /* AppDelegate.swift in Sources */,
				7DC083D31F75AD07008FCD67 /* Product.swift in Sources */,
				7DC083E51F75BCEE008FCD67 /* Utils.swift in Sources */,
				7D90D2581F76BCB20056CA73 /* CheckoutViewController.swift in Sources */,
			);
			runOnlyForDeploymentPostprocessing = 0;
		};
		7D3036B11F75812300F5A1F0 /* Sources */ = {
			isa = PBXSourcesBuildPhase;
			buildActionMask = 2147483647;
			files = (
				7D90D2601F7ABC4C0056CA73 /* ProductTests.swift in Sources */,
				7D90D2621F7AC2070056CA73 /* LineItemTests.swift in Sources */,
				7DAAC3A61F7C24D700A04553 /* UtilsTests.swift in Sources */,
				7DAAC3A81F7C250F00A04553 /* Utils.swift in Sources */,
			);
			runOnlyForDeploymentPostprocessing = 0;
		};
		7D3036BC1F75812300F5A1F0 /* Sources */ = {
			isa = PBXSourcesBuildPhase;
			buildActionMask = 2147483647;
			files = (
				7DAAC3AC1F7C3CA000A04553 /* CheckoutUITests.swift in Sources */,
				7DAAC3AA1F7C3C7A00A04553 /* ProductUITests.swift in Sources */,
				7DAAC3B61F7DD82D00A04553 /* Utils.swift in Sources */,
			);
			runOnlyForDeploymentPostprocessing = 0;
		};
/* End PBXSourcesBuildPhase section */

/* Begin PBXTargetDependency section */
		7D3036B71F75812300F5A1F0 /* PBXTargetDependency */ = {
			isa = PBXTargetDependency;
			target = 7D3036A01F75812200F5A1F0 /* ShopBag */;
			targetProxy = 7D3036B61F75812300F5A1F0 /* PBXContainerItemProxy */;
		};
		7D3036C21F75812300F5A1F0 /* PBXTargetDependency */ = {
			isa = PBXTargetDependency;
			target = 7D3036A01F75812200F5A1F0 /* ShopBag */;
			targetProxy = 7D3036C11F75812300F5A1F0 /* PBXContainerItemProxy */;
		};
/* End PBXTargetDependency section */

/* Begin PBXVariantGroup section */
		7D3036A81F75812200F5A1F0 /* Main.storyboard */ = {
			isa = PBXVariantGroup;
			children = (
				7D3036A91F75812200F5A1F0 /* Base */,
			);
			name = Main.storyboard;
			path = .;
			sourceTree = "<group>";
		};
		7D3036AD1F75812200F5A1F0 /* LaunchScreen.storyboard */ = {
			isa = PBXVariantGroup;
			children = (
				7D3036AE1F75812200F5A1F0 /* Base */,
			);
			name = LaunchScreen.storyboard;
			path = .;
			sourceTree = "<group>";
		};
/* End PBXVariantGroup section */

/* Begin XCBuildConfiguration section */
		7D3036C71F75812300F5A1F0 /* Debug */ = {
			isa = XCBuildConfiguration;
			buildSettings = {
				ALWAYS_SEARCH_USER_PATHS = NO;
				CLANG_ANALYZER_NONNULL = YES;
				CLANG_CXX_LANGUAGE_STANDARD = "gnu++0x";
				CLANG_CXX_LIBRARY = "libc++";
				CLANG_ENABLE_MODULES = YES;
				CLANG_ENABLE_OBJC_ARC = YES;
				CLANG_WARN_BLOCK_CAPTURE_AUTORELEASING = YES;
				CLANG_WARN_BOOL_CONVERSION = YES;
				CLANG_WARN_COMMA = YES;
				CLANG_WARN_CONSTANT_CONVERSION = YES;
				CLANG_WARN_DEPRECATED_OBJC_IMPLEMENTATIONS = YES;
				CLANG_WARN_DIRECT_OBJC_ISA_USAGE = YES_ERROR;
				CLANG_WARN_DOCUMENTATION_COMMENTS = YES;
				CLANG_WARN_EMPTY_BODY = YES;
				CLANG_WARN_ENUM_CONVERSION = YES;
				CLANG_WARN_INFINITE_RECURSION = YES;
				CLANG_WARN_INT_CONVERSION = YES;
				CLANG_WARN_NON_LITERAL_NULL_CONVERSION = YES;
				CLANG_WARN_OBJC_IMPLICIT_RETAIN_SELF = YES;
				CLANG_WARN_OBJC_LITERAL_CONVERSION = YES;
				CLANG_WARN_OBJC_ROOT_CLASS = YES_ERROR;
				CLANG_WARN_RANGE_LOOP_ANALYSIS = YES;
				CLANG_WARN_STRICT_PROTOTYPES = YES;
				CLANG_WARN_SUSPICIOUS_MOVE = YES;
				CLANG_WARN_UNREACHABLE_CODE = YES;
				CLANG_WARN__DUPLICATE_METHOD_MATCH = YES;
				"CODE_SIGN_IDENTITY[sdk=iphoneos*]" = "iPhone Developer";
				COPY_PHASE_STRIP = NO;
				DEBUG_INFORMATION_FORMAT = dwarf;
				ENABLE_STRICT_OBJC_MSGSEND = YES;
				ENABLE_TESTABILITY = YES;
				GCC_C_LANGUAGE_STANDARD = gnu99;
				GCC_DYNAMIC_NO_PIC = NO;
				GCC_NO_COMMON_BLOCKS = YES;
				GCC_OPTIMIZATION_LEVEL = 0;
				GCC_PREPROCESSOR_DEFINITIONS = (
					"DEBUG=1",
					"$(inherited)",
				);
				GCC_WARN_64_TO_32_BIT_CONVERSION = YES;
				GCC_WARN_ABOUT_RETURN_TYPE = YES_ERROR;
				GCC_WARN_UNDECLARED_SELECTOR = YES;
				GCC_WARN_UNINITIALIZED_AUTOS = YES_AGGRESSIVE;
				GCC_WARN_UNUSED_FUNCTION = YES;
				GCC_WARN_UNUSED_VARIABLE = YES;
				IPHONEOS_DEPLOYMENT_TARGET = 10.3;
				MTL_ENABLE_DEBUG_INFO = YES;
				ONLY_ACTIVE_ARCH = YES;
				SDKROOT = iphoneos;
				SWIFT_ACTIVE_COMPILATION_CONDITIONS = DEBUG;
				SWIFT_COMPILATION_MODE = singlefile;
				SWIFT_OPTIMIZATION_LEVEL = "-Onone";
				SWIFT_SWIFT3_OBJC_INFERENCE = Off;
				TARGETED_DEVICE_FAMILY = "1,2";
			};
			name = Debug;
		};
		7D3036C81F75812300F5A1F0 /* Release */ = {
			isa = XCBuildConfiguration;
			buildSettings = {
				ALWAYS_SEARCH_USER_PATHS = NO;
				CLANG_ANALYZER_NONNULL = YES;
				CLANG_CXX_LANGUAGE_STANDARD = "gnu++0x";
				CLANG_CXX_LIBRARY = "libc++";
				CLANG_ENABLE_MODULES = YES;
				CLANG_ENABLE_OBJC_ARC = YES;
				CLANG_WARN_BLOCK_CAPTURE_AUTORELEASING = YES;
				CLANG_WARN_BOOL_CONVERSION = YES;
				CLANG_WARN_COMMA = YES;
				CLANG_WARN_CONSTANT_CONVERSION = YES;
				CLANG_WARN_DEPRECATED_OBJC_IMPLEMENTATIONS = YES;
				CLANG_WARN_DIRECT_OBJC_ISA_USAGE = YES_ERROR;
				CLANG_WARN_DOCUMENTATION_COMMENTS = YES;
				CLANG_WARN_EMPTY_BODY = YES;
				CLANG_WARN_ENUM_CONVERSION = YES;
				CLANG_WARN_INFINITE_RECURSION = YES;
				CLANG_WARN_INT_CONVERSION = YES;
				CLANG_WARN_NON_LITERAL_NULL_CONVERSION = YES;
				CLANG_WARN_OBJC_IMPLICIT_RETAIN_SELF = YES;
				CLANG_WARN_OBJC_LITERAL_CONVERSION = YES;
				CLANG_WARN_OBJC_ROOT_CLASS = YES_ERROR;
				CLANG_WARN_RANGE_LOOP_ANALYSIS = YES;
				CLANG_WARN_STRICT_PROTOTYPES = YES;
				CLANG_WARN_SUSPICIOUS_MOVE = YES;
				CLANG_WARN_UNREACHABLE_CODE = YES;
				CLANG_WARN__DUPLICATE_METHOD_MATCH = YES;
				"CODE_SIGN_IDENTITY[sdk=iphoneos*]" = "iPhone Developer";
				COPY_PHASE_STRIP = NO;
				DEBUG_INFORMATION_FORMAT = "dwarf-with-dsym";
				ENABLE_NS_ASSERTIONS = NO;
				ENABLE_STRICT_OBJC_MSGSEND = YES;
				GCC_C_LANGUAGE_STANDARD = gnu99;
				GCC_NO_COMMON_BLOCKS = YES;
				GCC_WARN_64_TO_32_BIT_CONVERSION = YES;
				GCC_WARN_ABOUT_RETURN_TYPE = YES_ERROR;
				GCC_WARN_UNDECLARED_SELECTOR = YES;
				GCC_WARN_UNINITIALIZED_AUTOS = YES_AGGRESSIVE;
				GCC_WARN_UNUSED_FUNCTION = YES;
				GCC_WARN_UNUSED_VARIABLE = YES;
				IPHONEOS_DEPLOYMENT_TARGET = 10.3;
				MTL_ENABLE_DEBUG_INFO = NO;
				SDKROOT = iphoneos;
				SWIFT_COMPILATION_MODE = wholemodule;
				SWIFT_OPTIMIZATION_LEVEL = "-O";
				SWIFT_SWIFT3_OBJC_INFERENCE = Off;
				TARGETED_DEVICE_FAMILY = "1,2";
				VALIDATE_PRODUCT = YES;
			};
			name = Release;
		};
		7D3036CA1F75812300F5A1F0 /* Debug */ = {
			isa = XCBuildConfiguration;
			baseConfigurationReference = B40A4951B2721227CA124C45 /* Pods-ShopBag.debug.xcconfig */;
			buildSettings = {
				ASSETCATALOG_COMPILER_APPICON_NAME = AppIcon;
				DEVELOPMENT_TEAM = "";
				INFOPLIST_FILE = ShopBag/Info.plist;
				LD_RUNPATH_SEARCH_PATHS = (
					"$(inherited)",
					"@executable_path/Frameworks",
				);
				PRODUCT_BUNDLE_IDENTIFIER = altamic.ShopBag;
				PRODUCT_NAME = "$(TARGET_NAME)";
				SWIFT_SWIFT3_OBJC_INFERENCE = Off;
				SWIFT_VERSION = 4.0;
			};
			name = Debug;
		};
		7D3036CB1F75812300F5A1F0 /* Release */ = {
			isa = XCBuildConfiguration;
			baseConfigurationReference = 8D2932C96C032E4D5ACF3080 /* Pods-ShopBag.release.xcconfig */;
			buildSettings = {
				ASSETCATALOG_COMPILER_APPICON_NAME = AppIcon;
				DEVELOPMENT_TEAM = "";
				INFOPLIST_FILE = ShopBag/Info.plist;
				LD_RUNPATH_SEARCH_PATHS = (
					"$(inherited)",
					"@executable_path/Frameworks",
				);
				PRODUCT_BUNDLE_IDENTIFIER = altamic.ShopBag;
				PRODUCT_NAME = "$(TARGET_NAME)";
				SWIFT_SWIFT3_OBJC_INFERENCE = Off;
				SWIFT_VERSION = 4.0;
			};
			name = Release;
		};
		7D3036CD1F75812300F5A1F0 /* Debug */ = {
			isa = XCBuildConfiguration;
			baseConfigurationReference = 2DEB04A9F977B726D077E76E /* Pods-ShopBagTests.debug.xcconfig */;
			buildSettings = {
				ALWAYS_EMBED_SWIFT_STANDARD_LIBRARIES = YES;
				BUNDLE_LOADER = "$(TEST_HOST)";
				GCC_GENERATE_TEST_COVERAGE_FILES = NO;
				INFOPLIST_FILE = ShopBagTests/Info.plist;
				LD_RUNPATH_SEARCH_PATHS = (
					"$(inherited)",
					"@executable_path/Frameworks",
					"@loader_path/Frameworks",
				);
				PRODUCT_BUNDLE_IDENTIFIER = altamic.ShopBagTests;
				PRODUCT_NAME = "$(TARGET_NAME)";
				SWIFT_SWIFT3_OBJC_INFERENCE = Off;
				SWIFT_VERSION = 4.0;
				TEST_HOST = "$(BUILT_PRODUCTS_DIR)/ShopBag.app/ShopBag";
			};
			name = Debug;
		};
		7D3036CE1F75812300F5A1F0 /* Release */ = {
			isa = XCBuildConfiguration;
			baseConfigurationReference = E2C23B53A65B2AA64A4D5C7B /* Pods-ShopBagTests.release.xcconfig */;
			buildSettings = {
				ALWAYS_EMBED_SWIFT_STANDARD_LIBRARIES = YES;
				BUNDLE_LOADER = "$(TEST_HOST)";
				GCC_GENERATE_TEST_COVERAGE_FILES = NO;
				INFOPLIST_FILE = ShopBagTests/Info.plist;
				LD_RUNPATH_SEARCH_PATHS = (
					"$(inherited)",
					"@executable_path/Frameworks",
					"@loader_path/Frameworks",
				);
				PRODUCT_BUNDLE_IDENTIFIER = altamic.ShopBagTests;
				PRODUCT_NAME = "$(TARGET_NAME)";
				SWIFT_SWIFT3_OBJC_INFERENCE = Off;
				SWIFT_VERSION = 4.0;
				TEST_HOST = "$(BUILT_PRODUCTS_DIR)/ShopBag.app/ShopBag";
			};
			name = Release;
		};
		7D3036D01F75812300F5A1F0 /* Debug */ = {
			isa = XCBuildConfiguration;
			baseConfigurationReference = 9C1ED7446044670C99FFC1C3 /* Pods-ShopBagUITests.debug.xcconfig */;
			buildSettings = {
				ALWAYS_EMBED_SWIFT_STANDARD_LIBRARIES = YES;
				GCC_GENERATE_TEST_COVERAGE_FILES = NO;
				INFOPLIST_FILE = ShopBagUITests/Info.plist;
				LD_RUNPATH_SEARCH_PATHS = (
					"$(inherited)",
					"@executable_path/Frameworks",
					"@loader_path/Frameworks",
				);
				PRODUCT_BUNDLE_IDENTIFIER = altamic.ShopBagUITests;
				PRODUCT_NAME = "$(TARGET_NAME)";
				SWIFT_SWIFT3_OBJC_INFERENCE = Off;
				SWIFT_VERSION = 4.0;
				TEST_TARGET_NAME = ShopBag;
			};
			name = Debug;
		};
		7D3036D11F75812300F5A1F0 /* Release */ = {
			isa = XCBuildConfiguration;
			baseConfigurationReference = 02CEFDEDCC22CB0167114DF1 /* Pods-ShopBagUITests.release.xcconfig */;
			buildSettings = {
				ALWAYS_EMBED_SWIFT_STANDARD_LIBRARIES = YES;
				GCC_GENERATE_TEST_COVERAGE_FILES = NO;
				INFOPLIST_FILE = ShopBagUITests/Info.plist;
				LD_RUNPATH_SEARCH_PATHS = (
					"$(inherited)",
					"@executable_path/Frameworks",
					"@loader_path/Frameworks",
				);
				PRODUCT_BUNDLE_IDENTIFIER = altamic.ShopBagUITests;
				PRODUCT_NAME = "$(TARGET_NAME)";
				SWIFT_SWIFT3_OBJC_INFERENCE = Off;
				SWIFT_VERSION = 4.0;
				TEST_TARGET_NAME = ShopBag;
			};
			name = Release;
		};
/* End XCBuildConfiguration section */

/* Begin XCConfigurationList section */
		7D30369C1F75812200F5A1F0 /* Build configuration list for PBXProject "ShopBag" */ = {
			isa = XCConfigurationList;
			buildConfigurations = (
				7D3036C71F75812300F5A1F0 /* Debug */,
				7D3036C81F75812300F5A1F0 /* Release */,
			);
			defaultConfigurationIsVisible = 0;
			defaultConfigurationName = Debug;
		};
		7D3036C91F75812300F5A1F0 /* Build configuration list for PBXNativeTarget "ShopBag" */ = {
			isa = XCConfigurationList;
			buildConfigurations = (
				7D3036CA1F75812300F5A1F0 /* Debug */,
				7D3036CB1F75812300F5A1F0 /* Release */,
			);
			defaultConfigurationIsVisible = 0;
			defaultConfigurationName = Debug;
		};
		7D3036CC1F75812300F5A1F0 /* Build configuration list for PBXNativeTarget "ShopBagTests" */ = {
			isa = XCConfigurationList;
			buildConfigurations = (
				7D3036CD1F75812300F5A1F0 /* Debug */,
				7D3036CE1F75812300F5A1F0 /* Release */,
			);
			defaultConfigurationIsVisible = 0;
			defaultConfigurationName = Debug;
		};
		7D3036CF1F75812300F5A1F0 /* Build configuration list for PBXNativeTarget "ShopBagUITests" */ = {
			isa = XCConfigurationList;
			buildConfigurations = (
				7D3036D01F75812300F5A1F0 /* Debug */,
				7D3036D11F75812300F5A1F0 /* Release */,
			);
			defaultConfigurationIsVisible = 0;
			defaultConfigurationName = Debug;
		};
/* End XCConfigurationList section */
	};
	rootObject = 7D3036991F75812200F5A1F0 /* Project object */;
}
